
Microsoft Visual Studio Solution File, Format Version 12.00
# Visual Studio 14
VisualStudioVersion = 14.0.23107.0
MinimumVisualStudioVersion = 10.0.40219.1
Project("{8BC9CEB8-8B4A-11D0-8D11-00A0C91BC942}") = "Binum", "Binum\Binum.vcxproj", "{0E2A91E7-2FD5-43D1-B972-E847878B25F7}"
EndProject
Project("{8BC9CEB8-8B4A-11D0-8D11-00A0C91BC942}") = "BinumTest", "BinumTest\BinumTest.vcxproj", "{6459E03C-1BC5-4F94-98FC-37EAB4D60488}"
EndProject
Global
	GlobalSection(SolutionConfigurationPlatforms) = preSolution
		Debug|Win32 = Debug|Win32
		Release|Win32 = Release|Win32
	EndGlobalSection
	GlobalSection(ProjectConfigurationPlatforms) = postSolution
		{0E2A91E7-2FD5-43D1-B972-E847878B25F7}.Debug|Win32.ActiveCfg = Debug|Win32
		{0E2A91E7-2FD5-43D1-B972-E847878B25F7}.Debug|Win32.Build.0 = Debug|Win32
		{0E2A91E7-2FD5-43D1-B972-E847878B25F7}.Release|Win32.ActiveCfg = Release|Win32
		{0E2A91E7-2FD5-43D1-B972-E847878B25F7}.Release|Win32.Build.0 = Release|Win32
		{6459E03C-1BC5-4F94-98FC-37EAB4D60488}.Debug|Win32.ActiveCfg = Debug|Win32
		{6459E03C-1BC5-4F94-98FC-37EAB4D60488}.Debug|Win32.Build.0 = Debug|Win32
		{6459E03C-1BC5-4F94-98FC-37EAB4D60488}.Release|Win32.ActiveCfg = Release|Win32
		{6459E03C-1BC5-4F94-98FC-37EAB4D60488}.Release|Win32.Build.0 = Release|Win32
	EndGlobalSection
	GlobalSection(SolutionProperties) = preSolution
		HideSolutionNode = FALSE
	EndGlobalSection
EndGlobal
